
Microsoft Visual Studio Solution File, Format Version 12.00
# Visual Studio Version 17
VisualStudioVersion = 17.9.34728.123
MinimumVisualStudioVersion = 10.0.40219.1
Project("{FAE04EC0-301F-11D3-BF4B-00C04F79EFBC}") = "SharpGetEntraToken", "SharpGetEntraToken.csproj", "{13B28332-C42A-40C2-839B-D1566B5D9E0E}"
EndProject
Global
	GlobalSection(SolutionConfigurationPlatforms) = preSolution
		Debug|Any CPU = Debug|Any CPU
		Release|Any CPU = Release|Any CPU
	EndGlobalSection
	GlobalSection(ProjectConfigurationPlatforms) = postSolution
		{13B28332-C42A-40C2-839B-D1566B5D9E0E}.Debug|Any CPU.ActiveCfg = Debug|Any CPU
		{13B28332-C42A-40C2-839B-D1566B5D9E0E}.Debug|Any CPU.Build.0 = Debug|Any CPU
		{13B28332-C42A-40C2-839B-D1566B5D9E0E}.Release|Any CPU.ActiveCfg = Release|Any CPU
		{13B28332-C42A-40C2-839B-D1566B5D9E0E}.Release|Any CPU.Build.0 = Release|Any CPU
	EndGlobalSection
	GlobalSection(SolutionProperties) = preSolution
		HideSolutionNode = FALSE
	EndGlobalSection
	GlobalSection(ExtensibilityGlobals) = postSolution
		SolutionGuid = {4F6D052F-6954-420D-90BC-D80FDD34FA99}
	EndGlobalSection
EndGlobal
